{
  "name": "localbase",
  "version": "0.0.1",
  "lockfileVersion": 1,
  "requires": true,
  "dependencies": {
    "immediate": {
      "version": "3.0.6",
      "resolved": "https://registry.npmjs.org/immediate/-/immediate-3.0.6.tgz",
      "integrity": "sha1-nbHb0Pr43m++D13V5Wu2BigN5ps="
    },
    "lie": {
      "version": "3.1.1",
      "resolved": "https://registry.npmjs.org/lie/-/lie-3.1.1.tgz",
      "integrity": "sha1-mkNrLMd0bKWd56QfpGmz77dr2H4=",
      "requires": {
        "immediate": "~3.0.5"
      }
    },
    "localforage": {
      "version": "1.7.4",
      "resolved": "https://registry.npmjs.org/localforage/-/localforage-1.7.4.tgz",
      "integrity": "sha512-3EmVZatmNVeCo/t6Te7P06h2alGwbq8wXlSkcSXMvDE2/edPmsVqTPlzGnZaqwZZDBs6v+kxWpqjVsqsNJT8jA==",
      "requires": {
        "lie": "3.1.1"
      }
    },
    "ordered-uuid": {
      "version": "1.1.0",
      "resolved": "https://registry.npmjs.org/ordered-uuid/-/ordered-uuid-1.1.0.tgz",
      "integrity": "sha1-/+uM+MYefQhMSf7YoCA+SN0FntE=",
      "requires": {
        "uuid": "^3.0.1"
      }
    },
    "uuid": {
      "version": "3.4.0",
      "resolved": "https://registry.npmjs.org/uuid/-/uuid-3.4.0.tgz",
      "integrity": "sha512-HjSDRw6gZE5JMggctHBcjVak08+KEVhSIiDzFnT9S9aegmp85S/bReBVTb4QTFaRNptJ9kuYaNhnbNEOkbKb/A=="
    }
  }
}
